<?xml version="1.0" encoding="utf-8"?>
<Project ToolsVersion="17.0" xmlns="http://schemas.microsoft.com/developer/msbuild/2003">
  <ItemGroup>
    <ClCompile Include="C:\Users\Usta\Desktop\grpc\src\core\config\config_vars.cc">
      <Filter>Source Files</Filter>
    </ClCompile>
    <ClCompile Include="C:\Users\Usta\Desktop\grpc\src\core\config\config_vars_non_generated.cc">
      <Filter>Source Files</Filter>
    </ClCompile>
    <ClCompile Include="C:\Users\Usta\Desktop\grpc\src\core\config\load_config.cc">
      <Filter>Source Files</Filter>
    </ClCompile>
    <ClCompile Include="C:\Users\Usta\Desktop\grpc\src\core\lib\event_engine\thread_local.cc">
      <Filter>Source Files</Filter>
    </ClCompile>
    <ClCompile Include="C:\Users\Usta\Desktop\grpc\src\core\util\alloc.cc">
      <Filter>Source Files</Filter>
    </ClCompile>
    <ClCompile Include="C:\Users\Usta\Desktop\grpc\src\core\util\crash.cc">
      <Filter>Source Files</Filter>
    </ClCompile>
    <ClCompile Include="C:\Users\Usta\Desktop\grpc\src\core\util\examine_stack.cc">
      <Filter>Source Files</Filter>
    </ClCompile>
    <ClCompile Include="C:\Users\Usta\Desktop\grpc\src\core\util\fork.cc">
      <Filter>Source Files</Filter>
    </ClCompile>
    <ClCompile Include="C:\Users\Usta\Desktop\grpc\src\core\util\gpr_time.cc">
      <Filter>Source Files</Filter>
    </ClCompile>
    <ClCompile Include="C:\Users\Usta\Desktop\grpc\src\core\util\host_port.cc">
      <Filter>Source Files</Filter>
    </ClCompile>
    <ClCompile Include="C:\Users\Usta\Desktop\grpc\src\core\util\iphone\cpu.cc">
      <Filter>Source Files</Filter>
    </ClCompile>
    <ClCompile Include="C:\Users\Usta\Desktop\grpc\src\core\util\linux\cpu.cc">
      <Filter>Source Files</Filter>
    </ClCompile>
    <ClCompile Include="C:\Users\Usta\Desktop\grpc\src\core\util\linux\env.cc">
      <Filter>Source Files</Filter>
    </ClCompile>
    <ClCompile Include="C:\Users\Usta\Desktop\grpc\src\core\util\log.cc">
      <Filter>Source Files</Filter>
    </ClCompile>
    <ClCompile Include="C:\Users\Usta\Desktop\grpc\src\core\util\mpscq.cc">
      <Filter>Source Files</Filter>
    </ClCompile>
    <ClCompile Include="C:\Users\Usta\Desktop\grpc\src\core\util\msys\tmpfile.cc">
      <Filter>Source Files</Filter>
    </ClCompile>
    <ClCompile Include="C:\Users\Usta\Desktop\grpc\src\core\util\posix\cpu.cc">
      <Filter>Source Files</Filter>
    </ClCompile>
    <ClCompile Include="C:\Users\Usta\Desktop\grpc\src\core\util\posix\env.cc">
      <Filter>Source Files</Filter>
    </ClCompile>
    <ClCompile Include="C:\Users\Usta\Desktop\grpc\src\core\util\posix\stat.cc">
      <Filter>Source Files</Filter>
    </ClCompile>
    <ClCompile Include="C:\Users\Usta\Desktop\grpc\src\core\util\posix\string.cc">
      <Filter>Source Files</Filter>
    </ClCompile>
    <ClCompile Include="C:\Users\Usta\Desktop\grpc\src\core\util\posix\sync.cc">
      <Filter>Source Files</Filter>
    </ClCompile>
    <ClCompile Include="C:\Users\Usta\Desktop\grpc\src\core\util\posix\thd.cc">
      <Filter>Source Files</Filter>
    </ClCompile>
    <ClCompile Include="C:\Users\Usta\Desktop\grpc\src\core\util\posix\time.cc">
      <Filter>Source Files</Filter>
    </ClCompile>
    <ClCompile Include="C:\Users\Usta\Desktop\grpc\src\core\util\posix\tmpfile.cc">
      <Filter>Source Files</Filter>
    </ClCompile>
    <ClCompile Include="C:\Users\Usta\Desktop\grpc\src\core\util\strerror.cc">
      <Filter>Source Files</Filter>
    </ClCompile>
    <ClCompile Include="C:\Users\Usta\Desktop\grpc\src\core\util\string.cc">
      <Filter>Source Files</Filter>
    </ClCompile>
    <ClCompile Include="C:\Users\Usta\Desktop\grpc\src\core\util\sync.cc">
      <Filter>Source Files</Filter>
    </ClCompile>
    <ClCompile Include="C:\Users\Usta\Desktop\grpc\src\core\util\sync_abseil.cc">
      <Filter>Source Files</Filter>
    </ClCompile>
    <ClCompile Include="C:\Users\Usta\Desktop\grpc\src\core\util\tchar.cc">
      <Filter>Source Files</Filter>
    </ClCompile>
    <ClCompile Include="C:\Users\Usta\Desktop\grpc\src\core\util\time_precise.cc">
      <Filter>Source Files</Filter>
    </ClCompile>
    <ClCompile Include="C:\Users\Usta\Desktop\grpc\src\core\util\time_util.cc">
      <Filter>Source Files</Filter>
    </ClCompile>
    <ClCompile Include="C:\Users\Usta\Desktop\grpc\src\core\util\windows\cpu.cc">
      <Filter>Source Files</Filter>
    </ClCompile>
    <ClCompile Include="C:\Users\Usta\Desktop\grpc\src\core\util\windows\env.cc">
      <Filter>Source Files</Filter>
    </ClCompile>
    <ClCompile Include="C:\Users\Usta\Desktop\grpc\src\core\util\windows\stat.cc">
      <Filter>Source Files</Filter>
    </ClCompile>
    <ClCompile Include="C:\Users\Usta\Desktop\grpc\src\core\util\windows\string.cc">
      <Filter>Source Files</Filter>
    </ClCompile>
    <ClCompile Include="C:\Users\Usta\Desktop\grpc\src\core\util\windows\string_util.cc">
      <Filter>Source Files</Filter>
    </ClCompile>
    <ClCompile Include="C:\Users\Usta\Desktop\grpc\src\core\util\windows\sync.cc">
      <Filter>Source Files</Filter>
    </ClCompile>
    <ClCompile Include="C:\Users\Usta\Desktop\grpc\src\core\util\windows\thd.cc">
      <Filter>Source Files</Filter>
    </ClCompile>
    <ClCompile Include="C:\Users\Usta\Desktop\grpc\src\core\util\windows\time.cc">
      <Filter>Source Files</Filter>
    </ClCompile>
    <ClCompile Include="C:\Users\Usta\Desktop\grpc\src\core\util\windows\tmpfile.cc">
      <Filter>Source Files</Filter>
    </ClCompile>
  </ItemGroup>
  <ItemGroup>
    <CustomBuild Include="C:\Users\Usta\Desktop\grpc\CMakeLists.txt" />
  </ItemGroup>
  <ItemGroup>
    <Filter Include="Source Files">
      <UniqueIdentifier>{9EA8C4E9-3028-34A9-8363-E2B52F4758C2}</UniqueIdentifier>
    </Filter>
  </ItemGroup>
</Project>
