<?xml version="1.0" encoding="utf-8"?>
<Project ToolsVersion="17.0" xmlns="http://schemas.microsoft.com/developer/msbuild/2003">
  <ItemGroup>
    <ClCompile Include="C:\Users\Usta\Desktop\grpc\build\gens\src\proto\grpc\channelz\channelz.pb.cc">
      <Filter>Source Files</Filter>
    </ClCompile>
    <ClCompile Include="C:\Users\Usta\Desktop\grpc\build\gens\src\proto\grpc\channelz\channelz.grpc.pb.cc">
      <Filter>Source Files</Filter>
    </ClCompile>
    <ClCompile Include="C:\Users\Usta\Desktop\grpc\build\gens\src\proto\grpc\channelz\v2\channelz.pb.cc">
      <Filter>Source Files</Filter>
    </ClCompile>
    <ClCompile Include="C:\Users\Usta\Desktop\grpc\build\gens\src\proto\grpc\channelz\v2\channelz.grpc.pb.cc">
      <Filter>Source Files</Filter>
    </ClCompile>
    <ClCompile Include="C:\Users\Usta\Desktop\grpc\build\gens\src\proto\grpc\channelz\v2\service.pb.cc">
      <Filter>Source Files</Filter>
    </ClCompile>
    <ClCompile Include="C:\Users\Usta\Desktop\grpc\build\gens\src\proto\grpc\channelz\v2\service.grpc.pb.cc">
      <Filter>Source Files</Filter>
    </ClCompile>
    <ClCompile Include="C:\Users\Usta\Desktop\grpc\src\cpp\server\channelz\channelz_service.cc">
      <Filter>Source Files</Filter>
    </ClCompile>
    <ClCompile Include="C:\Users\Usta\Desktop\grpc\src\cpp\server\channelz\channelz_service_plugin.cc">
      <Filter>Source Files</Filter>
    </ClCompile>
  </ItemGroup>
  <ItemGroup>
    <ClInclude Include="C:\Users\Usta\Desktop\grpc\build\gens\src\proto\grpc\channelz\channelz.pb.h">
      <Filter>Header Files</Filter>
    </ClInclude>
    <ClInclude Include="C:\Users\Usta\Desktop\grpc\build\gens\src\proto\grpc\channelz\channelz.grpc.pb.h">
      <Filter>Header Files</Filter>
    </ClInclude>
    <ClInclude Include="C:\Users\Usta\Desktop\grpc\build\gens\src\proto\grpc\channelz\v2\channelz.pb.h">
      <Filter>Header Files</Filter>
    </ClInclude>
    <ClInclude Include="C:\Users\Usta\Desktop\grpc\build\gens\src\proto\grpc\channelz\v2\channelz.grpc.pb.h">
      <Filter>Header Files</Filter>
    </ClInclude>
    <ClInclude Include="C:\Users\Usta\Desktop\grpc\build\gens\src\proto\grpc\channelz\v2\service.pb.h">
      <Filter>Header Files</Filter>
    </ClInclude>
    <ClInclude Include="C:\Users\Usta\Desktop\grpc\build\gens\src\proto\grpc\channelz\v2\service.grpc.pb.h">
      <Filter>Header Files</Filter>
    </ClInclude>
  </ItemGroup>
  <ItemGroup>
    <CustomBuild Include="C:\Users\Usta\Desktop\grpc\build\CMakeFiles\b32f2df274572e73c6086ce68b49c07a\channelz.grpc.pb.cc.rule">
      <Filter>CMake Rules</Filter>
    </CustomBuild>
    <CustomBuild Include="C:\Users\Usta\Desktop\grpc\build\CMakeFiles\1b5dbbd62d22c59225fcedf712b85abc\channelz.grpc.pb.cc.rule">
      <Filter>CMake Rules</Filter>
    </CustomBuild>
    <CustomBuild Include="C:\Users\Usta\Desktop\grpc\build\CMakeFiles\1b5dbbd62d22c59225fcedf712b85abc\service.grpc.pb.cc.rule">
      <Filter>CMake Rules</Filter>
    </CustomBuild>
    <CustomBuild Include="C:\Users\Usta\Desktop\grpc\CMakeLists.txt" />
  </ItemGroup>
  <ItemGroup>
    <Filter Include="CMake Rules">
      <UniqueIdentifier>{59946D8F-1F0B-3C14-9D60-B483F0CA4DE5}</UniqueIdentifier>
    </Filter>
    <Filter Include="Header Files">
      <UniqueIdentifier>{63A4D3AD-1AE1-3488-95FA-71D95C6A32C9}</UniqueIdentifier>
    </Filter>
    <Filter Include="Source Files">
      <UniqueIdentifier>{9EA8C4E9-3028-34A9-8363-E2B52F4758C2}</UniqueIdentifier>
    </Filter>
  </ItemGroup>
</Project>
