<?xml version="1.0" encoding="utf-8"?>
<Project ToolsVersion="17.0" xmlns="http://schemas.microsoft.com/developer/msbuild/2003">
  <ItemGroup>
    <CustomBuild Include="C:\Users\Usta\Desktop\grpc\build\CMakeFiles\1660f2555ef839574a5e3f81f0199d6a\plugins.rule">
      <Filter>CMake Rules</Filter>
    </CustomBuild>
    <CustomBuild Include="C:\Users\Usta\Desktop\grpc\CMakeLists.txt" />
  </ItemGroup>
  <ItemGroup>
    <None Include="C:\Users\Usta\Desktop\grpc\build\CMakeFiles\plugins" />
  </ItemGroup>
  <ItemGroup>
    <Filter Include="CMake Rules">
      <UniqueIdentifier>{59946D8F-1F0B-3C14-9D60-B483F0CA4DE5}</UniqueIdentifier>
    </Filter>
  </ItemGroup>
</Project>
