<?xml version="1.0" encoding="utf-8"?>
<Project ToolsVersion="17.0" xmlns="http://schemas.microsoft.com/developer/msbuild/2003">
  <ItemGroup>
    <ClCompile Include="C:\Users\Usta\Desktop\grpc\third_party\upb\upb\message\internal\iterator.c">
      <Filter>Source Files</Filter>
    </ClCompile>
    <ClCompile Include="C:\Users\Usta\Desktop\grpc\third_party\upb\upb\wire\decode.c">
      <Filter>Source Files</Filter>
    </ClCompile>
    <ClCompile Include="C:\Users\Usta\Desktop\grpc\third_party\upb\upb\wire\encode.c">
      <Filter>Source Files</Filter>
    </ClCompile>
    <ClCompile Include="C:\Users\Usta\Desktop\grpc\third_party\upb\upb\wire\eps_copy_input_stream.c">
      <Filter>Source Files</Filter>
    </ClCompile>
    <ClCompile Include="C:\Users\Usta\Desktop\grpc\third_party\upb\upb\wire\internal\decode_fast.c">
      <Filter>Source Files</Filter>
    </ClCompile>
    <ClCompile Include="C:\Users\Usta\Desktop\grpc\third_party\upb\upb\wire\reader.c">
      <Filter>Source Files</Filter>
    </ClCompile>
  </ItemGroup>
  <ItemGroup>
    <CustomBuild Include="C:\Users\Usta\Desktop\grpc\CMakeLists.txt" />
  </ItemGroup>
  <ItemGroup>
    <Filter Include="Source Files">
      <UniqueIdentifier>{9EA8C4E9-3028-34A9-8363-E2B52F4758C2}</UniqueIdentifier>
    </Filter>
  </ItemGroup>
</Project>
